// !$*UTF8*$!
{
	archiveVersion = 1;
	classes = {
	};
	objectVersion = 50;
	objects = {

/* Begin PBXBuildFile section */
		F6195A8125F43B8B002127AD /* Upcoming.swift in Sources */ = {isa = PBXBuildFile; fileRef = F6195A8025F43B8B002127AD /* Upcoming.swift */; };
		F6195A8625F5552E002127AD /* SpinnerViewController.swift in Sources */ = {isa = PBXBuildFile; fileRef = F6195A8525F5552E002127AD /* SpinnerViewController.swift */; };
		F6195A9125F5B6B4002127AD /* UIApplicationExtension.swift in Sources */ = {isa = PBXBuildFile; fileRef = F6195A9025F5B6B4002127AD /* UIApplicationExtension.swift */; };
		F63774E725E5A79F00F4025E /* MediaDetailCollectionViewCell.swift in Sources */ = {isa = PBXBuildFile; fileRef = F63774E625E5A79F00F4025E /* MediaDetailCollectionViewCell.swift */; };
		F63774EC25E5D28F00F4025E /* WhereToWatchCollectionViewCell.swift in Sources */ = {isa = PBXBuildFile; fileRef = F63774EB25E5D28F00F4025E /* WhereToWatchCollectionViewCell.swift */; };
		F63774EF25E5F7E800F4025E /* WhereToWatch.swift in Sources */ = {isa = PBXBuildFile; fileRef = F63774EE25E5F7E800F4025E /* WhereToWatch.swift */; };
		F63774F225E5F80100F4025E /* WhereToWatchController.swift in Sources */ = {isa = PBXBuildFile; fileRef = F63774F125E5F80100F4025E /* WhereToWatchController.swift */; };
		F63774F725E6093500F4025E /* uStream.xcdatamodeld in Sources */ = {isa = PBXBuildFile; fileRef = F63774F525E6093500F4025E /* uStream.xcdatamodeld */; };
		F650772F25EF24F10040C171 /* Media.swift in Sources */ = {isa = PBXBuildFile; fileRef = F650772E25EF24F10040C171 /* Media.swift */; };
		F650773625F008030040C171 /* AppLinks.swift in Sources */ = {isa = PBXBuildFile; fileRef = F650773525F008030040C171 /* AppLinks.swift */; };
		F650773925F04EDF0040C171 /* AlertControllerExtension.swift in Sources */ = {isa = PBXBuildFile; fileRef = F650773825F04EDF0040C171 /* AlertControllerExtension.swift */; };
		F650773C25F05DD40040C171 /* Settings.storyboard in Resources */ = {isa = PBXBuildFile; fileRef = F650773B25F05DD40040C171 /* Settings.storyboard */; };
		F650773F25F05E270040C171 /* SettingsViewController.swift in Sources */ = {isa = PBXBuildFile; fileRef = F650773E25F05E270040C171 /* SettingsViewController.swift */; };
		F650774825F0B9B40040C171 /* Popular.swift in Sources */ = {isa = PBXBuildFile; fileRef = F650774725F0B9B40040C171 /* Popular.swift */; };
		F650775725F1E70B0040C171 /* DateExtension.swift in Sources */ = {isa = PBXBuildFile; fileRef = F650775625F1E70B0040C171 /* DateExtension.swift */; };
		F650776325F2E9400040C171 /* NotificationScheduler.swift in Sources */ = {isa = PBXBuildFile; fileRef = F650776225F2E9400040C171 /* NotificationScheduler.swift */; };
		F68AB92025DF63FA002D56D2 /* AppDelegate.swift in Sources */ = {isa = PBXBuildFile; fileRef = F68AB91F25DF63FA002D56D2 /* AppDelegate.swift */; };
		F68AB92225DF63FA002D56D2 /* SceneDelegate.swift in Sources */ = {isa = PBXBuildFile; fileRef = F68AB92125DF63FA002D56D2 /* SceneDelegate.swift */; };
		F68AB92725DF63FA002D56D2 /* Main.storyboard in Resources */ = {isa = PBXBuildFile; fileRef = F68AB92525DF63FA002D56D2 /* Main.storyboard */; };
		F68AB92C25DF63FB002D56D2 /* Assets.xcassets in Resources */ = {isa = PBXBuildFile; fileRef = F68AB92B25DF63FB002D56D2 /* Assets.xcassets */; };
		F68AB92F25DF63FB002D56D2 /* LaunchScreen.storyboard in Resources */ = {isa = PBXBuildFile; fileRef = F68AB92D25DF63FB002D56D2 /* LaunchScreen.storyboard */; };
		F68AB93E25DF6450002D56D2 /* CoreDataStack.swift in Sources */ = {isa = PBXBuildFile; fileRef = F68AB93D25DF6450002D56D2 /* CoreDataStack.swift */; };
		F68AB94825DF66A6002D56D2 /* ListMedia+Convenience.swift in Sources */ = {isa = PBXBuildFile; fileRef = F68AB94725DF66A6002D56D2 /* ListMedia+Convenience.swift */; };
		F68AB94C25DF6A75002D56D2 /* TrendingMedia.swift in Sources */ = {isa = PBXBuildFile; fileRef = F68AB94B25DF6A75002D56D2 /* TrendingMedia.swift */; };
		F68AB95425DF743C002D56D2 /* MediaController.swift in Sources */ = {isa = PBXBuildFile; fileRef = F68AB95325DF743C002D56D2 /* MediaController.swift */; };
		F68AB95A25DF7935002D56D2 /* NetworkError.swift in Sources */ = {isa = PBXBuildFile; fileRef = F68AB95925DF7935002D56D2 /* NetworkError.swift */; };
		F68AB95F25DF7C1C002D56D2 /* MediaCollectionViewCell.swift in Sources */ = {isa = PBXBuildFile; fileRef = F68AB95E25DF7C1C002D56D2 /* MediaCollectionViewCell.swift */; };
		F68AB96425DF81B3002D56D2 /* DiscoverViewController.swift in Sources */ = {isa = PBXBuildFile; fileRef = F68AB96325DF81B3002D56D2 /* DiscoverViewController.swift */; };
		F6A87FAD25E9ED9600E7A1E0 /* TopBar.storyboard in Resources */ = {isa = PBXBuildFile; fileRef = F6A87FAC25E9ED9600E7A1E0 /* TopBar.storyboard */; };
		F6A87FB025E9EF0700E7A1E0 /* TopBarViewController.swift in Sources */ = {isa = PBXBuildFile; fileRef = F6A87FAF25E9EF0700E7A1E0 /* TopBarViewController.swift */; };
		F6A87FB525E9F2BF00E7A1E0 /* Search.storyboard in Resources */ = {isa = PBXBuildFile; fileRef = F6A87FB425E9F2BF00E7A1E0 /* Search.storyboard */; };
		F6A87FB825E9F2F100E7A1E0 /* SearchViewController.swift in Sources */ = {isa = PBXBuildFile; fileRef = F6A87FB725E9F2F100E7A1E0 /* SearchViewController.swift */; };
		F6A87FBF25E9F88600E7A1E0 /* SearchResultsCollectionViewCell.swift in Sources */ = {isa = PBXBuildFile; fileRef = F6A87FBE25E9F88600E7A1E0 /* SearchResultsCollectionViewCell.swift */; };
		F6A87FC625E9FEDB00E7A1E0 /* SearchResultsController.swift in Sources */ = {isa = PBXBuildFile; fileRef = F6A87FC525E9FEDB00E7A1E0 /* SearchResultsController.swift */; };
		F6A87FC925E9FF0600E7A1E0 /* SearchResults.swift in Sources */ = {isa = PBXBuildFile; fileRef = F6A87FC825E9FF0600E7A1E0 /* SearchResults.swift */; };
		F6A87FCE25EC2B5E00E7A1E0 /* ListMediaController.swift in Sources */ = {isa = PBXBuildFile; fileRef = F6A87FCD25EC2B5E00E7A1E0 /* ListMediaController.swift */; };
		F6A87FD125EC5D2A00E7A1E0 /* ListMediaViewController.swift in Sources */ = {isa = PBXBuildFile; fileRef = F6A87FD025EC5D2A00E7A1E0 /* ListMediaViewController.swift */; };
		F6A87FD425EC62DE00E7A1E0 /* ListMediaCollectionViewCell.swift in Sources */ = {isa = PBXBuildFile; fileRef = F6A87FD325EC62DE00E7A1E0 /* ListMediaCollectionViewCell.swift */; };
		F6A87FDF25ECB5F500E7A1E0 /* CloudKit.framework in Frameworks */ = {isa = PBXBuildFile; fileRef = F6A87FDE25ECB5F500E7A1E0 /* CloudKit.framework */; };
		F6A87FF225ED663300E7A1E0 /* ListMediaDetailViewController.swift in Sources */ = {isa = PBXBuildFile; fileRef = F6A87FF125ED663300E7A1E0 /* ListMediaDetailViewController.swift */; };
		F6A87FF525ED66BB00E7A1E0 /* ListMediaDetailCollectionViewCell.swift in Sources */ = {isa = PBXBuildFile; fileRef = F6A87FF425ED66BB00E7A1E0 /* ListMediaDetailCollectionViewCell.swift */; };
		F6A87FF925EDEC1700E7A1E0 /* Haptics.swift in Sources */ = {isa = PBXBuildFile; fileRef = F6A87FF825EDEC1700E7A1E0 /* Haptics.swift */; };
		F6E2CDC825E700E50089DEF1 /* Similar.swift in Sources */ = {isa = PBXBuildFile; fileRef = F6E2CDC725E700E50089DEF1 /* Similar.swift */; };
		F6E2CDCB25E7024F0089DEF1 /* SimilarController.swift in Sources */ = {isa = PBXBuildFile; fileRef = F6E2CDCA25E7024F0089DEF1 /* SimilarController.swift */; };
		F6E2CDCE25E709390089DEF1 /* SimilarCollectionViewCell.swift in Sources */ = {isa = PBXBuildFile; fileRef = F6E2CDCD25E709390089DEF1 /* SimilarCollectionViewCell.swift */; };
		F6F6638425E413D900C4FC65 /* LayoutBuilder.swift in Sources */ = {isa = PBXBuildFile; fileRef = F6F6638325E413D900C4FC65 /* LayoutBuilder.swift */; };
		F6F6638725E4146600C4FC65 /* SectionHeader.swift in Sources */ = {isa = PBXBuildFile; fileRef = F6F6638625E4146600C4FC65 /* SectionHeader.swift */; };
		F6F6639F25E4808900C4FC65 /* MediaDetailViewController.swift in Sources */ = {isa = PBXBuildFile; fileRef = F6F6639E25E4808900C4FC65 /* MediaDetailViewController.swift */; };
/* End PBXBuildFile section */

/* Begin PBXFileReference section */
		F6195A8025F43B8B002127AD /* Upcoming.swift */ = {isa = PBXFileReference; lastKnownFileType = sourcecode.swift; path = Upcoming.swift; sourceTree = "<group>"; };
		F6195A8525F5552E002127AD /* SpinnerViewController.swift */ = {isa = PBXFileReference; lastKnownFileType = sourcecode.swift; path = SpinnerViewController.swift; sourceTree = "<group>"; };
		F6195A9025F5B6B4002127AD /* UIApplicationExtension.swift */ = {isa = PBXFileReference; lastKnownFileType = sourcecode.swift; path = UIApplicationExtension.swift; sourceTree = "<group>"; };
		F63774E625E5A79F00F4025E /* MediaDetailCollectionViewCell.swift */ = {isa = PBXFileReference; lastKnownFileType = sourcecode.swift; path = MediaDetailCollectionViewCell.swift; sourceTree = "<group>"; };
		F63774EB25E5D28F00F4025E /* WhereToWatchCollectionViewCell.swift */ = {isa = PBXFileReference; lastKnownFileType = sourcecode.swift; path = WhereToWatchCollectionViewCell.swift; sourceTree = "<group>"; };
		F63774EE25E5F7E800F4025E /* WhereToWatch.swift */ = {isa = PBXFileReference; lastKnownFileType = sourcecode.swift; path = WhereToWatch.swift; sourceTree = "<group>"; };
		F63774F125E5F80100F4025E /* WhereToWatchController.swift */ = {isa = PBXFileReference; lastKnownFileType = sourcecode.swift; path = WhereToWatchController.swift; sourceTree = "<group>"; };
		F63774F625E6093500F4025E /* uStream.xcdatamodel */ = {isa = PBXFileReference; lastKnownFileType = wrapper.xcdatamodel; path = uStream.xcdatamodel; sourceTree = "<group>"; };
		F650772E25EF24F10040C171 /* Media.swift */ = {isa = PBXFileReference; lastKnownFileType = sourcecode.swift; path = Media.swift; sourceTree = "<group>"; };
		F650773525F008030040C171 /* AppLinks.swift */ = {isa = PBXFileReference; lastKnownFileType = sourcecode.swift; path = AppLinks.swift; sourceTree = "<group>"; };
		F650773825F04EDF0040C171 /* AlertControllerExtension.swift */ = {isa = PBXFileReference; lastKnownFileType = sourcecode.swift; path = AlertControllerExtension.swift; sourceTree = "<group>"; };
		F650773B25F05DD40040C171 /* Settings.storyboard */ = {isa = PBXFileReference; fileEncoding = 4; lastKnownFileType = file.storyboard; path = Settings.storyboard; sourceTree = "<group>"; };
		F650773E25F05E270040C171 /* SettingsViewController.swift */ = {isa = PBXFileReference; lastKnownFileType = sourcecode.swift; path = SettingsViewController.swift; sourceTree = "<group>"; };
		F650774725F0B9B40040C171 /* Popular.swift */ = {isa = PBXFileReference; lastKnownFileType = sourcecode.swift; path = Popular.swift; sourceTree = "<group>"; };
		F650775625F1E70B0040C171 /* DateExtension.swift */ = {isa = PBXFileReference; lastKnownFileType = sourcecode.swift; path = DateExtension.swift; sourceTree = "<group>"; };
		F650776225F2E9400040C171 /* NotificationScheduler.swift */ = {isa = PBXFileReference; lastKnownFileType = sourcecode.swift; path = NotificationScheduler.swift; sourceTree = "<group>"; };
		F68AB91C25DF63FA002D56D2 /* uStream.app */ = {isa = PBXFileReference; explicitFileType = wrapper.application; includeInIndex = 0; path = uStream.app; sourceTree = BUILT_PRODUCTS_DIR; };
		F68AB91F25DF63FA002D56D2 /* AppDelegate.swift */ = {isa = PBXFileReference; lastKnownFileType = sourcecode.swift; path = AppDelegate.swift; sourceTree = "<group>"; };
		F68AB92125DF63FA002D56D2 /* SceneDelegate.swift */ = {isa = PBXFileReference; lastKnownFileType = sourcecode.swift; path = SceneDelegate.swift; sourceTree = "<group>"; };
		F68AB92625DF63FA002D56D2 /* Base */ = {isa = PBXFileReference; lastKnownFileType = file.storyboard; name = Base; path = Base.lproj/Main.storyboard; sourceTree = "<group>"; };
		F68AB92B25DF63FB002D56D2 /* Assets.xcassets */ = {isa = PBXFileReference; lastKnownFileType = folder.assetcatalog; path = Assets.xcassets; sourceTree = "<group>"; };
		F68AB92E25DF63FB002D56D2 /* Base */ = {isa = PBXFileReference; lastKnownFileType = file.storyboard; name = Base; path = Base.lproj/LaunchScreen.storyboard; sourceTree = "<group>"; };
		F68AB93025DF63FB002D56D2 /* Info.plist */ = {isa = PBXFileReference; lastKnownFileType = text.plist.xml; path = Info.plist; sourceTree = "<group>"; };
		F68AB93D25DF6450002D56D2 /* CoreDataStack.swift */ = {isa = PBXFileReference; lastKnownFileType = sourcecode.swift; path = CoreDataStack.swift; sourceTree = "<group>"; };
		F68AB94725DF66A6002D56D2 /* ListMedia+Convenience.swift */ = {isa = PBXFileReference; lastKnownFileType = sourcecode.swift; path = "ListMedia+Convenience.swift"; sourceTree = "<group>"; };
		F68AB94B25DF6A75002D56D2 /* TrendingMedia.swift */ = {isa = PBXFileReference; lastKnownFileType = sourcecode.swift; path = TrendingMedia.swift; sourceTree = "<group>"; };
		F68AB95325DF743C002D56D2 /* MediaController.swift */ = {isa = PBXFileReference; lastKnownFileType = sourcecode.swift; path = MediaController.swift; sourceTree = "<group>"; };
		F68AB95925DF7935002D56D2 /* NetworkError.swift */ = {isa = PBXFileReference; lastKnownFileType = sourcecode.swift; path = NetworkError.swift; sourceTree = "<group>"; };
		F68AB95E25DF7C1C002D56D2 /* MediaCollectionViewCell.swift */ = {isa = PBXFileReference; lastKnownFileType = sourcecode.swift; path = MediaCollectionViewCell.swift; sourceTree = "<group>"; };
		F68AB96325DF81B3002D56D2 /* DiscoverViewController.swift */ = {isa = PBXFileReference; lastKnownFileType = sourcecode.swift; path = DiscoverViewController.swift; sourceTree = "<group>"; };
		F6A87FAC25E9ED9600E7A1E0 /* TopBar.storyboard */ = {isa = PBXFileReference; fileEncoding = 4; lastKnownFileType = file.storyboard; path = TopBar.storyboard; sourceTree = "<group>"; };
		F6A87FAF25E9EF0700E7A1E0 /* TopBarViewController.swift */ = {isa = PBXFileReference; lastKnownFileType = sourcecode.swift; path = TopBarViewController.swift; sourceTree = "<group>"; };
		F6A87FB425E9F2BF00E7A1E0 /* Search.storyboard */ = {isa = PBXFileReference; fileEncoding = 4; lastKnownFileType = file.storyboard; path = Search.storyboard; sourceTree = "<group>"; };
		F6A87FB725E9F2F100E7A1E0 /* SearchViewController.swift */ = {isa = PBXFileReference; lastKnownFileType = sourcecode.swift; path = SearchViewController.swift; sourceTree = "<group>"; };
		F6A87FBE25E9F88600E7A1E0 /* SearchResultsCollectionViewCell.swift */ = {isa = PBXFileReference; lastKnownFileType = sourcecode.swift; path = SearchResultsCollectionViewCell.swift; sourceTree = "<group>"; };
		F6A87FC525E9FEDB00E7A1E0 /* SearchResultsController.swift */ = {isa = PBXFileReference; lastKnownFileType = sourcecode.swift; path = SearchResultsController.swift; sourceTree = "<group>"; };
		F6A87FC825E9FF0600E7A1E0 /* SearchResults.swift */ = {isa = PBXFileReference; lastKnownFileType = sourcecode.swift; path = SearchResults.swift; sourceTree = "<group>"; };
		F6A87FCD25EC2B5E00E7A1E0 /* ListMediaController.swift */ = {isa = PBXFileReference; lastKnownFileType = sourcecode.swift; path = ListMediaController.swift; sourceTree = "<group>"; };
		F6A87FD025EC5D2A00E7A1E0 /* ListMediaViewController.swift */ = {isa = PBXFileReference; lastKnownFileType = sourcecode.swift; path = ListMediaViewController.swift; sourceTree = "<group>"; };
		F6A87FD325EC62DE00E7A1E0 /* ListMediaCollectionViewCell.swift */ = {isa = PBXFileReference; lastKnownFileType = sourcecode.swift; path = ListMediaCollectionViewCell.swift; sourceTree = "<group>"; };
		F6A87FDB25ECB5E900E7A1E0 /* uStream.entitlements */ = {isa = PBXFileReference; lastKnownFileType = text.plist.entitlements; path = uStream.entitlements; sourceTree = "<group>"; };
		F6A87FDE25ECB5F500E7A1E0 /* CloudKit.framework */ = {isa = PBXFileReference; lastKnownFileType = wrapper.framework; name = CloudKit.framework; path = System/Library/Frameworks/CloudKit.framework; sourceTree = SDKROOT; };
		F6A87FF125ED663300E7A1E0 /* ListMediaDetailViewController.swift */ = {isa = PBXFileReference; lastKnownFileType = sourcecode.swift; path = ListMediaDetailViewController.swift; sourceTree = "<group>"; };
		F6A87FF425ED66BB00E7A1E0 /* ListMediaDetailCollectionViewCell.swift */ = {isa = PBXFileReference; lastKnownFileType = sourcecode.swift; path = ListMediaDetailCollectionViewCell.swift; sourceTree = "<group>"; };
		F6A87FF825EDEC1700E7A1E0 /* Haptics.swift */ = {isa = PBXFileReference; lastKnownFileType = sourcecode.swift; path = Haptics.swift; sourceTree = "<group>"; };
		F6E2CDC725E700E50089DEF1 /* Similar.swift */ = {isa = PBXFileReference; lastKnownFileType = sourcecode.swift; path = Similar.swift; sourceTree = "<group>"; };
		F6E2CDCA25E7024F0089DEF1 /* SimilarController.swift */ = {isa = PBXFileReference; lastKnownFileType = sourcecode.swift; path = SimilarController.swift; sourceTree = "<group>"; };
		F6E2CDCD25E709390089DEF1 /* SimilarCollectionViewCell.swift */ = {isa = PBXFileReference; lastKnownFileType = sourcecode.swift; path = SimilarCollectionViewCell.swift; sourceTree = "<group>"; };
		F6F6638325E413D900C4FC65 /* LayoutBuilder.swift */ = {isa = PBXFileReference; lastKnownFileType = sourcecode.swift; path = LayoutBuilder.swift; sourceTree = "<group>"; };
		F6F6638625E4146600C4FC65 /* SectionHeader.swift */ = {isa = PBXFileReference; lastKnownFileType = sourcecode.swift; path = SectionHeader.swift; sourceTree = "<group>"; };
		F6F6639E25E4808900C4FC65 /* MediaDetailViewController.swift */ = {isa = PBXFileReference; lastKnownFileType = sourcecode.swift; path = MediaDetailViewController.swift; sourceTree = "<group>"; };
/* End PBXFileReference section */

/* Begin PBXFrameworksBuildPhase section */
		F68AB91925DF63FA002D56D2 /* Frameworks */ = {
			isa = PBXFrameworksBuildPhase;
			buildActionMask = 2147483647;
			files = (
				F6A87FDF25ECB5F500E7A1E0 /* CloudKit.framework in Frameworks */,
			);
			runOnlyForDeploymentPostprocessing = 0;
		};
/* End PBXFrameworksBuildPhase section */

/* Begin PBXGroup section */
		F68AB91325DF63FA002D56D2 = {
			isa = PBXGroup;
			children = (
				F68AB91E25DF63FA002D56D2 /* uStream */,
				F68AB91D25DF63FA002D56D2 /* Products */,
				F6A87FDD25ECB5F500E7A1E0 /* Frameworks */,
			);
			sourceTree = "<group>";
		};
		F68AB91D25DF63FA002D56D2 /* Products */ = {
			isa = PBXGroup;
			children = (
				F68AB91C25DF63FA002D56D2 /* uStream.app */,
			);
			name = Products;
			sourceTree = "<group>";
		};
		F68AB91E25DF63FA002D56D2 /* uStream */ = {
			isa = PBXGroup;
			children = (
				F6A87FDB25ECB5E900E7A1E0 /* uStream.entitlements */,
				F68AB93C25DF643E002D56D2 /* CoreData */,
				F68AB94325DF6475002D56D2 /* Models */,
				F68AB94225DF646F002D56D2 /* Views */,
				F68AB94425DF6487002D56D2 /* Controllers */,
				F68AB95825DF7923002D56D2 /* Helper */,
				F68AB93725DF640C002D56D2 /* Resources */,
			);
			path = uStream;
			sourceTree = "<group>";
		};
		F68AB93725DF640C002D56D2 /* Resources */ = {
			isa = PBXGroup;
			children = (
				F68AB91F25DF63FA002D56D2 /* AppDelegate.swift */,
				F68AB92125DF63FA002D56D2 /* SceneDelegate.swift */,
				F68AB92D25DF63FB002D56D2 /* LaunchScreen.storyboard */,
				F68AB92B25DF63FB002D56D2 /* Assets.xcassets */,
				F68AB93025DF63FB002D56D2 /* Info.plist */,
			);
			path = Resources;
			sourceTree = "<group>";
		};
		F68AB93C25DF643E002D56D2 /* CoreData */ = {
			isa = PBXGroup;
			children = (
				F63774F525E6093500F4025E /* uStream.xcdatamodeld */,
				F68AB93D25DF6450002D56D2 /* CoreDataStack.swift */,
				F68AB94725DF66A6002D56D2 /* ListMedia+Convenience.swift */,
			);
			path = CoreData;
			sourceTree = "<group>";
		};
		F68AB94125DF645B002D56D2 /* StoryBoards */ = {
			isa = PBXGroup;
			children = (
				F68AB92525DF63FA002D56D2 /* Main.storyboard */,
				F6A87FAC25E9ED9600E7A1E0 /* TopBar.storyboard */,
				F650773B25F05DD40040C171 /* Settings.storyboard */,
				F6A87FB425E9F2BF00E7A1E0 /* Search.storyboard */,
			);
			path = StoryBoards;
			sourceTree = "<group>";
		};
		F68AB94225DF646F002D56D2 /* Views */ = {
			isa = PBXGroup;
			children = (
				F68AB95D25DF7C03002D56D2 /* Custom Views */,
				F68AB94125DF645B002D56D2 /* StoryBoards */,
			);
			path = Views;
			sourceTree = "<group>";
		};
		F68AB94325DF6475002D56D2 /* Models */ = {
			isa = PBXGroup;
			children = (
				F68AB94B25DF6A75002D56D2 /* TrendingMedia.swift */,
				F650774725F0B9B40040C171 /* Popular.swift */,
				F63774EE25E5F7E800F4025E /* WhereToWatch.swift */,
				F6E2CDC725E700E50089DEF1 /* Similar.swift */,
				F6A87FC825E9FF0600E7A1E0 /* SearchResults.swift */,
				F650772E25EF24F10040C171 /* Media.swift */,
				F6195A8025F43B8B002127AD /* Upcoming.swift */,
			);
			path = Models;
			sourceTree = "<group>";
		};
		F68AB94425DF6487002D56D2 /* Controllers */ = {
			isa = PBXGroup;
			children = (
				F68AB94E25DF70D9002D56D2 /* View Controllers */,
				F68AB95625DF744B002D56D2 /* Model Controllers */,
			);
			path = Controllers;
			sourceTree = "<group>";
		};
		F68AB94E25DF70D9002D56D2 /* View Controllers */ = {
			isa = PBXGroup;
			children = (
				F6A87FAF25E9EF0700E7A1E0 /* TopBarViewController.swift */,
				F650773E25F05E270040C171 /* SettingsViewController.swift */,
				F6A87FB725E9F2F100E7A1E0 /* SearchViewController.swift */,
				F68AB96325DF81B3002D56D2 /* DiscoverViewController.swift */,
				F6A87FD025EC5D2A00E7A1E0 /* ListMediaViewController.swift */,
				F6A87FF125ED663300E7A1E0 /* ListMediaDetailViewController.swift */,
				F6F6639E25E4808900C4FC65 /* MediaDetailViewController.swift */,
				F6195A8525F5552E002127AD /* SpinnerViewController.swift */,
			);
			path = "View Controllers";
			sourceTree = "<group>";
		};
		F68AB95625DF744B002D56D2 /* Model Controllers */ = {
			isa = PBXGroup;
			children = (
				F68AB95325DF743C002D56D2 /* MediaController.swift */,
				F63774F125E5F80100F4025E /* WhereToWatchController.swift */,
				F6E2CDCA25E7024F0089DEF1 /* SimilarController.swift */,
				F6A87FC525E9FEDB00E7A1E0 /* SearchResultsController.swift */,
				F6A87FCD25EC2B5E00E7A1E0 /* ListMediaController.swift */,
			);
			path = "Model Controllers";
			sourceTree = "<group>";
		};
		F68AB95825DF7923002D56D2 /* Helper */ = {
			isa = PBXGroup;
			children = (
				F68AB95925DF7935002D56D2 /* NetworkError.swift */,
				F6A87FF825EDEC1700E7A1E0 /* Haptics.swift */,
				F650773525F008030040C171 /* AppLinks.swift */,
				F650773825F04EDF0040C171 /* AlertControllerExtension.swift */,
				F650775625F1E70B0040C171 /* DateExtension.swift */,
				F650776225F2E9400040C171 /* NotificationScheduler.swift */,
				F6195A9025F5B6B4002127AD /* UIApplicationExtension.swift */,
			);
			path = Helper;
			sourceTree = "<group>";
		};
		F68AB95D25DF7C03002D56D2 /* Custom Views */ = {
			isa = PBXGroup;
			children = (
				F6F6638625E4146600C4FC65 /* SectionHeader.swift */,
				F6F6638325E413D900C4FC65 /* LayoutBuilder.swift */,
				F6E2CDE025E89EF10089DEF1 /* Discover Views */,
				F6E2CDEC25E99DAD0089DEF1 /* Media Detail Views */,
				F6A87FEF25ED641300E7A1E0 /* List Media Views */,
				F6A87FBE25E9F88600E7A1E0 /* SearchResultsCollectionViewCell.swift */,
			);
			path = "Custom Views";
			sourceTree = "<group>";
		};
		F6A87FDD25ECB5F500E7A1E0 /* Frameworks */ = {
			isa = PBXGroup;
			children = (
				F6A87FDE25ECB5F500E7A1E0 /* CloudKit.framework */,
			);
			name = Frameworks;
			sourceTree = "<group>";
		};
		F6A87FEF25ED641300E7A1E0 /* List Media Views */ = {
			isa = PBXGroup;
			children = (
				F6A87FD325EC62DE00E7A1E0 /* ListMediaCollectionViewCell.swift */,
				F6A87FF425ED66BB00E7A1E0 /* ListMediaDetailCollectionViewCell.swift */,
			);
			path = "List Media Views";
			sourceTree = "<group>";
		};
		F6E2CDE025E89EF10089DEF1 /* Discover Views */ = {
			isa = PBXGroup;
			children = (
				F68AB95E25DF7C1C002D56D2 /* MediaCollectionViewCell.swift */,
			);
			path = "Discover Views";
			sourceTree = "<group>";
		};
		F6E2CDEC25E99DAD0089DEF1 /* Media Detail Views */ = {
			isa = PBXGroup;
			children = (
				F63774E625E5A79F00F4025E /* MediaDetailCollectionViewCell.swift */,
				F63774EB25E5D28F00F4025E /* WhereToWatchCollectionViewCell.swift */,
				F6E2CDCD25E709390089DEF1 /* SimilarCollectionViewCell.swift */,
			);
			path = "Media Detail Views";
			sourceTree = "<group>";
		};
/* End PBXGroup section */

/* Begin PBXNativeTarget section */
		F68AB91B25DF63FA002D56D2 /* uStream */ = {
			isa = PBXNativeTarget;
			buildConfigurationList = F68AB93325DF63FB002D56D2 /* Build configuration list for PBXNativeTarget "uStream" */;
			buildPhases = (
				F68AB91825DF63FA002D56D2 /* Sources */,
				F68AB91925DF63FA002D56D2 /* Frameworks */,
				F68AB91A25DF63FA002D56D2 /* Resources */,
			);
			buildRules = (
			);
			dependencies = (
			);
			name = uStream;
			productName = uStream;
			productReference = F68AB91C25DF63FA002D56D2 /* uStream.app */;
			productType = "com.apple.product-type.application";
		};
/* End PBXNativeTarget section */

/* Begin PBXProject section */
		F68AB91425DF63FA002D56D2 /* Project object */ = {
			isa = PBXProject;
			attributes = {
				LastSwiftUpdateCheck = 1240;
				LastUpgradeCheck = 1240;
				TargetAttributes = {
					F68AB91B25DF63FA002D56D2 = {
						CreatedOnToolsVersion = 12.4;
					};
				};
			};
			buildConfigurationList = F68AB91725DF63FA002D56D2 /* Build configuration list for PBXProject "uStream" */;
			compatibilityVersion = "Xcode 9.3";
			developmentRegion = en;
			hasScannedForEncodings = 0;
			knownRegions = (
				en,
				Base,
			);
			mainGroup = F68AB91325DF63FA002D56D2;
			productRefGroup = F68AB91D25DF63FA002D56D2 /* Products */;
			projectDirPath = "";
			projectRoot = "";
			targets = (
				F68AB91B25DF63FA002D56D2 /* uStream */,
			);
		};
/* End PBXProject section */

/* Begin PBXResourcesBuildPhase section */
		F68AB91A25DF63FA002D56D2 /* Resources */ = {
			isa = PBXResourcesBuildPhase;
			buildActionMask = 2147483647;
			files = (
				F6A87FAD25E9ED9600E7A1E0 /* TopBar.storyboard in Resources */,
				F68AB92F25DF63FB002D56D2 /* LaunchScreen.storyboard in Resources */,
				F68AB92C25DF63FB002D56D2 /* Assets.xcassets in Resources */,
				F650773C25F05DD40040C171 /* Settings.storyboard in Resources */,
				F68AB92725DF63FA002D56D2 /* Main.storyboard in Resources */,
				F6A87FB525E9F2BF00E7A1E0 /* Search.storyboard in Resources */,
			);
			runOnlyForDeploymentPostprocessing = 0;
		};
/* End PBXResourcesBuildPhase section */

/* Begin PBXSourcesBuildPhase section */
		F68AB91825DF63FA002D56D2 /* Sources */ = {
			isa = PBXSourcesBuildPhase;
			buildActionMask = 2147483647;
			files = (
				F68AB94C25DF6A75002D56D2 /* TrendingMedia.swift in Sources */,
				F63774EC25E5D28F00F4025E /* WhereToWatchCollectionViewCell.swift in Sources */,
				F6195A8125F43B8B002127AD /* Upcoming.swift in Sources */,
				F6A87FF925EDEC1700E7A1E0 /* Haptics.swift in Sources */,
				F6E2CDCB25E7024F0089DEF1 /* SimilarController.swift in Sources */,
				F68AB96425DF81B3002D56D2 /* DiscoverViewController.swift in Sources */,
				F650773F25F05E270040C171 /* SettingsViewController.swift in Sources */,
				F68AB95425DF743C002D56D2 /* MediaController.swift in Sources */,
				F650775725F1E70B0040C171 /* DateExtension.swift in Sources */,
				F6E2CDC825E700E50089DEF1 /* Similar.swift in Sources */,
				F6A87FB025E9EF0700E7A1E0 /* TopBarViewController.swift in Sources */,
				F63774F225E5F80100F4025E /* WhereToWatchController.swift in Sources */,
				F650772F25EF24F10040C171 /* Media.swift in Sources */,
				F650776325F2E9400040C171 /* NotificationScheduler.swift in Sources */,
				F63774EF25E5F7E800F4025E /* WhereToWatch.swift in Sources */,
				F63774E725E5A79F00F4025E /* MediaDetailCollectionViewCell.swift in Sources */,
				F6A87FD425EC62DE00E7A1E0 /* ListMediaCollectionViewCell.swift in Sources */,
				F6A87FF225ED663300E7A1E0 /* ListMediaDetailViewController.swift in Sources */,
				F6F6638425E413D900C4FC65 /* LayoutBuilder.swift in Sources */,
				F650774825F0B9B40040C171 /* Popular.swift in Sources */,
				F63774F725E6093500F4025E /* uStream.xcdatamodeld in Sources */,
				F6195A9125F5B6B4002127AD /* UIApplicationExtension.swift in Sources */,
				F6E2CDCE25E709390089DEF1 /* SimilarCollectionViewCell.swift in Sources */,
				F68AB92025DF63FA002D56D2 /* AppDelegate.swift in Sources */,
				F650773625F008030040C171 /* AppLinks.swift in Sources */,
				F6A87FBF25E9F88600E7A1E0 /* SearchResultsCollectionViewCell.swift in Sources */,
				F6A87FF525ED66BB00E7A1E0 /* ListMediaDetailCollectionViewCell.swift in Sources */,
				F650773925F04EDF0040C171 /* AlertControllerExtension.swift in Sources */,
				F6A87FB825E9F2F100E7A1E0 /* SearchViewController.swift in Sources */,
				F6A87FC925E9FF0600E7A1E0 /* SearchResults.swift in Sources */,
				F68AB92225DF63FA002D56D2 /* SceneDelegate.swift in Sources */,
				F6A87FD125EC5D2A00E7A1E0 /* ListMediaViewController.swift in Sources */,
				F68AB95F25DF7C1C002D56D2 /* MediaCollectionViewCell.swift in Sources */,
				F6F6638725E4146600C4FC65 /* SectionHeader.swift in Sources */,
				F6195A8625F5552E002127AD /* SpinnerViewController.swift in Sources */,
				F68AB95A25DF7935002D56D2 /* NetworkError.swift in Sources */,
				F6A87FC625E9FEDB00E7A1E0 /* SearchResultsController.swift in Sources */,
				F6A87FCE25EC2B5E00E7A1E0 /* ListMediaController.swift in Sources */,
				F6F6639F25E4808900C4FC65 /* MediaDetailViewController.swift in Sources */,
				F68AB93E25DF6450002D56D2 /* CoreDataStack.swift in Sources */,
				F68AB94825DF66A6002D56D2 /* ListMedia+Convenience.swift in Sources */,
			);
			runOnlyForDeploymentPostprocessing = 0;
		};
/* End PBXSourcesBuildPhase section */

/* Begin PBXVariantGroup section */
		F68AB92525DF63FA002D56D2 /* Main.storyboard */ = {
			isa = PBXVariantGroup;
			children = (
				F68AB92625DF63FA002D56D2 /* Base */,
			);
			name = Main.storyboard;
			sourceTree = "<group>";
		};
		F68AB92D25DF63FB002D56D2 /* LaunchScreen.storyboard */ = {
			isa = PBXVariantGroup;
			children = (
				F68AB92E25DF63FB002D56D2 /* Base */,
			);
			name = LaunchScreen.storyboard;
			sourceTree = "<group>";
		};
/* End PBXVariantGroup section */

/* Begin XCBuildConfiguration section */
		F68AB93125DF63FB002D56D2 /* Debug */ = {
			isa = XCBuildConfiguration;
			buildSettings = {
				ALWAYS_SEARCH_USER_PATHS = NO;
				CLANG_ANALYZER_NONNULL = YES;
				CLANG_ANALYZER_NUMBER_OBJECT_CONVERSION = YES_AGGRESSIVE;
				CLANG_CXX_LANGUAGE_STANDARD = "gnu++14";
				CLANG_CXX_LIBRARY = "libc++";
				CLANG_ENABLE_MODULES = YES;
				CLANG_ENABLE_OBJC_ARC = YES;
				CLANG_ENABLE_OBJC_WEAK = YES;
				CLANG_WARN_BLOCK_CAPTURE_AUTORELEASING = YES;
				CLANG_WARN_BOOL_CONVERSION = YES;
				CLANG_WARN_COMMA = YES;
				CLANG_WARN_CONSTANT_CONVERSION = YES;
				CLANG_WARN_DEPRECATED_OBJC_IMPLEMENTATIONS = YES;
				CLANG_WARN_DIRECT_OBJC_ISA_USAGE = YES_ERROR;
				CLANG_WARN_DOCUMENTATION_COMMENTS = YES;
				CLANG_WARN_EMPTY_BODY = YES;
				CLANG_WARN_ENUM_CONVERSION = YES;
				CLANG_WARN_INFINITE_RECURSION = YES;
				CLANG_WARN_INT_CONVERSION = YES;
				CLANG_WARN_NON_LITERAL_NULL_CONVERSION = YES;
				CLANG_WARN_OBJC_IMPLICIT_RETAIN_SELF = YES;
				CLANG_WARN_OBJC_LITERAL_CONVERSION = YES;
				CLANG_WARN_OBJC_ROOT_CLASS = YES_ERROR;
				CLANG_WARN_QUOTED_INCLUDE_IN_FRAMEWORK_HEADER = YES;
				CLANG_WARN_RANGE_LOOP_ANALYSIS = YES;
				CLANG_WARN_STRICT_PROTOTYPES = YES;
				CLANG_WARN_SUSPICIOUS_MOVE = YES;
				CLANG_WARN_UNGUARDED_AVAILABILITY = YES_AGGRESSIVE;
				CLANG_WARN_UNREACHABLE_CODE = YES;
				CLANG_WARN__DUPLICATE_METHOD_MATCH = YES;
				COPY_PHASE_STRIP = NO;
				DEBUG_INFORMATION_FORMAT = dwarf;
				ENABLE_STRICT_OBJC_MSGSEND = YES;
				ENABLE_TESTABILITY = YES;
				GCC_C_LANGUAGE_STANDARD = gnu11;
				GCC_DYNAMIC_NO_PIC = NO;
				GCC_NO_COMMON_BLOCKS = YES;
				GCC_OPTIMIZATION_LEVEL = 0;
				GCC_PREPROCESSOR_DEFINITIONS = (
					"DEBUG=1",
					"$(inherited)",
				);
				GCC_WARN_64_TO_32_BIT_CONVERSION = YES;
				GCC_WARN_ABOUT_RETURN_TYPE = YES_ERROR;
				GCC_WARN_UNDECLARED_SELECTOR = YES;
				GCC_WARN_UNINITIALIZED_AUTOS = YES_AGGRESSIVE;
				GCC_WARN_UNUSED_FUNCTION = YES;
				GCC_WARN_UNUSED_VARIABLE = YES;
				IPHONEOS_DEPLOYMENT_TARGET = 14.4;
				MTL_ENABLE_DEBUG_INFO = INCLUDE_SOURCE;
				MTL_FAST_MATH = YES;
				ONLY_ACTIVE_ARCH = YES;
				SDKROOT = iphoneos;
				SWIFT_ACTIVE_COMPILATION_CONDITIONS = DEBUG;
				SWIFT_OPTIMIZATION_LEVEL = "-Onone";
			};
			name = Debug;
		};
		F68AB93225DF63FB002D56D2 /* Release */ = {
			isa = XCBuildConfiguration;
			buildSettings = {
				ALWAYS_SEARCH_USER_PATHS = NO;
				CLANG_ANALYZER_NONNULL = YES;
				CLANG_ANALYZER_NUMBER_OBJECT_CONVERSION = YES_AGGRESSIVE;
				CLANG_CXX_LANGUAGE_STANDARD = "gnu++14";
				CLANG_CXX_LIBRARY = "libc++";
				CLANG_ENABLE_MODULES = YES;
				CLANG_ENABLE_OBJC_ARC = YES;
				CLANG_ENABLE_OBJC_WEAK = YES;
				CLANG_WARN_BLOCK_CAPTURE_AUTORELEASING = YES;
				CLANG_WARN_BOOL_CONVERSION = YES;
				CLANG_WARN_COMMA = YES;
				CLANG_WARN_CONSTANT_CONVERSION = YES;
				CLANG_WARN_DEPRECATED_OBJC_IMPLEMENTATIONS = YES;
				CLANG_WARN_DIRECT_OBJC_ISA_USAGE = YES_ERROR;
				CLANG_WARN_DOCUMENTATION_COMMENTS = YES;
				CLANG_WARN_EMPTY_BODY = YES;
				CLANG_WARN_ENUM_CONVERSION = YES;
				CLANG_WARN_INFINITE_RECURSION = YES;
				CLANG_WARN_INT_CONVERSION = YES;
				CLANG_WARN_NON_LITERAL_NULL_CONVERSION = YES;
				CLANG_WARN_OBJC_IMPLICIT_RETAIN_SELF = YES;
				CLANG_WARN_OBJC_LITERAL_CONVERSION = YES;
				CLANG_WARN_OBJC_ROOT_CLASS = YES_ERROR;
				CLANG_WARN_QUOTED_INCLUDE_IN_FRAMEWORK_HEADER = YES;
				CLANG_WARN_RANGE_LOOP_ANALYSIS = YES;
				CLANG_WARN_STRICT_PROTOTYPES = YES;
				CLANG_WARN_SUSPICIOUS_MOVE = YES;
				CLANG_WARN_UNGUARDED_AVAILABILITY = YES_AGGRESSIVE;
				CLANG_WARN_UNREACHABLE_CODE = YES;
				CLANG_WARN__DUPLICATE_METHOD_MATCH = YES;
				COPY_PHASE_STRIP = NO;
				DEBUG_INFORMATION_FORMAT = "dwarf-with-dsym";
				ENABLE_NS_ASSERTIONS = NO;
				ENABLE_STRICT_OBJC_MSGSEND = YES;
				GCC_C_LANGUAGE_STANDARD = gnu11;
				GCC_NO_COMMON_BLOCKS = YES;
				GCC_WARN_64_TO_32_BIT_CONVERSION = YES;
				GCC_WARN_ABOUT_RETURN_TYPE = YES_ERROR;
				GCC_WARN_UNDECLARED_SELECTOR = YES;
				GCC_WARN_UNINITIALIZED_AUTOS = YES_AGGRESSIVE;
				GCC_WARN_UNUSED_FUNCTION = YES;
				GCC_WARN_UNUSED_VARIABLE = YES;
				IPHONEOS_DEPLOYMENT_TARGET = 14.4;
				MTL_ENABLE_DEBUG_INFO = NO;
				MTL_FAST_MATH = YES;
				SDKROOT = iphoneos;
				SWIFT_COMPILATION_MODE = wholemodule;
				SWIFT_OPTIMIZATION_LEVEL = "-O";
				VALIDATE_PRODUCT = YES;
			};
			name = Release;
		};
		F68AB93425DF63FB002D56D2 /* Debug */ = {
			isa = XCBuildConfiguration;
			buildSettings = {
				ASSETCATALOG_COMPILER_APPICON_NAME = AppIcon;
				ASSETCATALOG_COMPILER_GLOBAL_ACCENT_COLOR_NAME = AccentColor;
				CODE_SIGN_ENTITLEMENTS = uStream/uStream.entitlements;
				CODE_SIGN_STYLE = Automatic;
				DEVELOPMENT_TEAM = K5A3RPJ76H;
				INFOPLIST_FILE = uStream/Resources/Info.plist;
				IPHONEOS_DEPLOYMENT_TARGET = 14.1;
				LD_RUNPATH_SEARCH_PATHS = (
					"$(inherited)",
					"@executable_path/Frameworks",
				);
				PRODUCT_BUNDLE_IDENTIFIER = com.stanphillips.uStream;
				PRODUCT_NAME = "$(TARGET_NAME)";
				SWIFT_VERSION = 5.0;
				TARGETED_DEVICE_FAMILY = "1,2";
			};
			name = Debug;
		};
		F68AB93525DF63FB002D56D2 /* Release */ = {
			isa = XCBuildConfiguration;
			buildSettings = {
				ASSETCATALOG_COMPILER_APPICON_NAME = AppIcon;
				ASSETCATALOG_COMPILER_GLOBAL_ACCENT_COLOR_NAME = AccentColor;
				CODE_SIGN_ENTITLEMENTS = uStream/uStream.entitlements;
				CODE_SIGN_STYLE = Automatic;
				DEVELOPMENT_TEAM = K5A3RPJ76H;
				INFOPLIST_FILE = uStream/Resources/Info.plist;
				IPHONEOS_DEPLOYMENT_TARGET = 14.1;
				LD_RUNPATH_SEARCH_PATHS = (
					"$(inherited)",
					"@executable_path/Frameworks",
				);
				PRODUCT_BUNDLE_IDENTIFIER = com.stanphillips.uStream;
				PRODUCT_NAME = "$(TARGET_NAME)";
				SWIFT_VERSION = 5.0;
				TARGETED_DEVICE_FAMILY = "1,2";
			};
			name = Release;
		};
/* End XCBuildConfiguration section */

/* Begin XCConfigurationList section */
		F68AB91725DF63FA002D56D2 /* Build configuration list for PBXProject "uStream" */ = {
			isa = XCConfigurationList;
			buildConfigurations = (
				F68AB93125DF63FB002D56D2 /* Debug */,
				F68AB93225DF63FB002D56D2 /* Release */,
			);
			defaultConfigurationIsVisible = 0;
			defaultConfigurationName = Release;
		};
		F68AB93325DF63FB002D56D2 /* Build configuration list for PBXNativeTarget "uStream" */ = {
			isa = XCConfigurationList;
			buildConfigurations = (
				F68AB93425DF63FB002D56D2 /* Debug */,
				F68AB93525DF63FB002D56D2 /* Release */,
			);
			defaultConfigurationIsVisible = 0;
			defaultConfigurationName = Release;
		};
/* End XCConfigurationList section */

/* Begin XCVersionGroup section */
		F63774F525E6093500F4025E /* uStream.xcdatamodeld */ = {
			isa = XCVersionGroup;
			children = (
				F63774F625E6093500F4025E /* uStream.xcdatamodel */,
			);
			currentVersion = F63774F625E6093500F4025E /* uStream.xcdatamodel */;
			path = uStream.xcdatamodeld;
			sourceTree = "<group>";
			versionGroupType = wrapper.xcdatamodel;
		};
/* End XCVersionGroup section */
	};
	rootObject = F68AB91425DF63FA002D56D2 /* Project object */;
}
